# THIS IS AN AUTOGENERATED FILE. DO NOT EDIT THIS FILE DIRECTLY.
# yarn lockfile v1


"@babel/parser@^7.16.4":
  "integrity" "sha512-i7jDUfrVBWc+7OKcBzEe5n7fbv3i2fWtxKzzCvOjnzSxMfWMigAhtfJ7qzZNGFNMsCCd67+uz553dYKWXPvCKw=="
  "resolved" "https://registry.npmmirror.com/@babel/parser/download/@babel/parser-7.16.8.tgz"
  "version" "7.16.8"

"@nodelib/fs.scandir@2.1.5":
  "integrity" "sha1-dhnC6yGyVIP20WdUi0z9WnSIw9U="
  "resolved" "https://registry.nlark.com/@nodelib/fs.scandir/download/@nodelib/fs.scandir-2.1.5.tgz"
  "version" "2.1.5"
  dependencies:
    "@nodelib/fs.stat" "2.0.5"
    "run-parallel" "^1.1.9"

"@nodelib/fs.stat@^2.0.2", "@nodelib/fs.stat@2.0.5":
  "integrity" "sha1-W9Jir5Tp0lvR5xsF3u1Eh2oiLos="
  "resolved" "https://registry.npmmirror.com/@nodelib/fs.stat/download/@nodelib/fs.stat-2.0.5.tgz"
  "version" "2.0.5"

"@nodelib/fs.walk@^1.2.3":
  "integrity" "sha1-6Vc36LtnRt3t9pxVaVNJTxlv5po="
  "resolved" "https://registry.nlark.com/@nodelib/fs.walk/download/@nodelib/fs.walk-1.2.8.tgz?cache=0&sync_timestamp=1625769815389&other_urls=https%3A%2F%2Fregistry.nlark.com%2F%40nodelib%2Ffs.walk%2Fdownload%2F%40nodelib%2Ffs.walk-1.2.8.tgz"
  "version" "1.2.8"
  dependencies:
    "@nodelib/fs.scandir" "2.1.5"
    "fastq" "^1.6.0"

"@types/debug@^4.1.7":
  "integrity" "sha1-fMDqdhUJEkcJuLLRCQ2PbBeq24I="
  "resolved" "https://registry.npmmirror.com/@types/debug/download/@types/debug-4.1.7.tgz"
  "version" "4.1.7"
  dependencies:
    "@types/ms" "*"

"@types/fs-extra@^9.0.13":
  "integrity" "sha1-dZT7rgT+fxkYzos9IT90/0SsH0U="
  "resolved" "https://registry.npmmirror.com/@types/fs-extra/download/@types/fs-extra-9.0.13.tgz"
  "version" "9.0.13"
  dependencies:
    "@types/node" "*"

"@types/hash-sum@^1.0.0":
  "integrity" "sha1-g49OhieIfUKxYtBfPZbKY2wrxQQ="
  "resolved" "https://registry.npmmirror.com/@types/hash-sum/download/@types/hash-sum-1.0.0.tgz"
  "version" "1.0.0"

"@types/linkify-it@*":
  "integrity" "sha1-/SzS7bqn6qx+fzwXSLUqGRQ4Rsk="
  "resolved" "https://registry.npmmirror.com/@types/linkify-it/download/@types/linkify-it-3.0.2.tgz"
  "version" "3.0.2"

"@types/markdown-it@*", "@types/markdown-it@^12.2.3":
  "integrity" "sha1-DW9uXkE/jaqiZSKQRZe+PWzZO1E="
  "resolved" "https://registry.npmmirror.com/@types/markdown-it/download/@types/markdown-it-12.2.3.tgz"
  "version" "12.2.3"
  dependencies:
    "@types/linkify-it" "*"
    "@types/mdurl" "*"

"@types/mdurl@*":
  "integrity" "sha1-4s6dg6YTus8oTHvn1JGUXjnh+Ok="
  "resolved" "https://registry.npmmirror.com/@types/mdurl/download/@types/mdurl-1.0.2.tgz"
  "version" "1.0.2"

"@types/ms@*":
  "integrity" "sha1-MbfKZAcSij0rvCf+LSGzRTl/YZc="
  "resolved" "https://registry.npmmirror.com/@types/ms/download/@types/ms-0.7.31.tgz?cache=0&sync_timestamp=1637268338618&other_urls=https%3A%2F%2Fregistry.npmmirror.com%2F%40types%2Fms%2Fdownload%2F%40types%2Fms-0.7.31.tgz"
  "version" "0.7.31"

"@types/node@*":
  "integrity" "sha512-YofkM6fGv4gDJq78g4j0mMuGMkZVxZDgtU0JRdx6FgiJDG+0fY0GKVolOV8WqVmEhLCXkQRjwDdKyPxJp/uucg=="
  "resolved" "https://registry.npmmirror.com/@types/node/download/@types/node-17.0.8.tgz"
  "version" "17.0.8"

"@vue/compiler-core@3.2.26":
  "integrity" "sha512-N5XNBobZbaASdzY9Lga2D9Lul5vdCIOXvUMd6ThcN8zgqQhPKfCV+wfAJNNJKQkSHudnYRO2gEB+lp0iN3g2Tw=="
  "resolved" "https://registry.npmmirror.com/@vue/compiler-core/download/@vue/compiler-core-3.2.26.tgz"
  "version" "3.2.26"
  dependencies:
    "@babel/parser" "^7.16.4"
    "@vue/shared" "3.2.26"
    "estree-walker" "^2.0.2"
    "source-map" "^0.6.1"

"@vue/compiler-dom@3.2.26":
  "integrity" "sha512-smBfaOW6mQDxcT3p9TKT6mE22vjxjJL50GFVJiI0chXYGU/xzC05QRGrW3HHVuJrmLTLx5zBhsZ2dIATERbarg=="
  "resolved" "https://registry.npmmirror.com/@vue/compiler-dom/download/@vue/compiler-dom-3.2.26.tgz"
  "version" "3.2.26"
  dependencies:
    "@vue/compiler-core" "3.2.26"
    "@vue/shared" "3.2.26"

"@vue/compiler-sfc@3.2.26":
  "integrity" "sha512-ePpnfktV90UcLdsDQUh2JdiTuhV0Skv2iYXxfNMOK/F3Q+2BO0AulcVcfoksOpTJGmhhfosWfMyEaEf0UaWpIw=="
  "resolved" "https://registry.npmmirror.com/@vue/compiler-sfc/download/@vue/compiler-sfc-3.2.26.tgz"
  "version" "3.2.26"
  dependencies:
    "@babel/parser" "^7.16.4"
    "@vue/compiler-core" "3.2.26"
    "@vue/compiler-dom" "3.2.26"
    "@vue/compiler-ssr" "3.2.26"
    "@vue/reactivity-transform" "3.2.26"
    "@vue/shared" "3.2.26"
    "estree-walker" "^2.0.2"
    "magic-string" "^0.25.7"
    "postcss" "^8.1.10"
    "source-map" "^0.6.1"

"@vue/compiler-ssr@3.2.26":
  "integrity" "sha512-2mywLX0ODc4Zn8qBoA2PDCsLEZfpUGZcyoFRLSOjyGGK6wDy2/5kyDOWtf0S0UvtoyVq95OTSGIALjZ4k2q/ag=="
  "resolved" "https://registry.npmmirror.com/@vue/compiler-ssr/download/@vue/compiler-ssr-3.2.26.tgz"
  "version" "3.2.26"
  dependencies:
    "@vue/compiler-dom" "3.2.26"
    "@vue/shared" "3.2.26"

"@vue/devtools-api@^6.0.0-beta.18":
  "integrity" "sha512-FqC4s3pm35qGVeXRGOjTsRzlkJjrBLriDS9YXbflHLsfA9FrcKzIyWnLXoNm+/7930E8rRakXuAc2QkC50swAw=="
  "resolved" "https://registry.npmmirror.com/@vue/devtools-api/download/@vue/devtools-api-6.0.0-beta.21.1.tgz"
  "version" "6.0.0-beta.21.1"

"@vue/reactivity-transform@3.2.26":
  "integrity" "sha512-XKMyuCmzNA7nvFlYhdKwD78rcnmPb7q46uoR00zkX6yZrUmcCQ5OikiwUEVbvNhL5hBJuvbSO95jB5zkUon+eQ=="
  "resolved" "https://registry.npmmirror.com/@vue/reactivity-transform/download/@vue/reactivity-transform-3.2.26.tgz"
  "version" "3.2.26"
  dependencies:
    "@babel/parser" "^7.16.4"
    "@vue/compiler-core" "3.2.26"
    "@vue/shared" "3.2.26"
    "estree-walker" "^2.0.2"
    "magic-string" "^0.25.7"

"@vue/reactivity@3.2.26":
  "integrity" "sha512-h38bxCZLW6oFJVDlCcAiUKFnXI8xP8d+eO0pcDxx+7dQfSPje2AO6M9S9QO6MrxQB7fGP0DH0dYQ8ksf6hrXKQ=="
  "resolved" "https://registry.npmmirror.com/@vue/reactivity/download/@vue/reactivity-3.2.26.tgz"
  "version" "3.2.26"
  dependencies:
    "@vue/shared" "3.2.26"

"@vue/runtime-core@3.2.26":
  "integrity" "sha512-BcYi7qZ9Nn+CJDJrHQ6Zsmxei2hDW0L6AB4vPvUQGBm2fZyC0GXd/4nVbyA2ubmuhctD5RbYY8L+5GUJszv9mQ=="
  "resolved" "https://registry.npmmirror.com/@vue/runtime-core/download/@vue/runtime-core-3.2.26.tgz"
  "version" "3.2.26"
  dependencies:
    "@vue/reactivity" "3.2.26"
    "@vue/shared" "3.2.26"

"@vue/runtime-dom@3.2.26":
  "integrity" "sha512-dY56UIiZI+gjc4e8JQBwAifljyexfVCkIAu/WX8snh8vSOt/gMSEGwPRcl2UpYpBYeyExV8WCbgvwWRNt9cHhQ=="
  "resolved" "https://registry.npmmirror.com/@vue/runtime-dom/download/@vue/runtime-dom-3.2.26.tgz"
  "version" "3.2.26"
  dependencies:
    "@vue/runtime-core" "3.2.26"
    "@vue/shared" "3.2.26"
    "csstype" "^2.6.8"

"@vue/server-renderer@3.2.26":
  "integrity" "sha512-Jp5SggDUvvUYSBIvYEhy76t4nr1vapY/FIFloWmQzn7UxqaHrrBpbxrqPcTrSgGrcaglj0VBp22BKJNre4aA1w=="
  "resolved" "https://registry.npmmirror.com/@vue/server-renderer/download/@vue/server-renderer-3.2.26.tgz"
  "version" "3.2.26"
  dependencies:
    "@vue/compiler-ssr" "3.2.26"
    "@vue/shared" "3.2.26"

"@vue/shared@^3.2.26", "@vue/shared@3.2.26":
  "integrity" "sha512-vPV6Cq+NIWbH5pZu+V+2QHE9y1qfuTq49uNWw4f7FDEeZaDU2H2cx5jcUZOAKW7qTrUS4k6qZPbMy1x4N96nbA=="
  "resolved" "https://registry.npmmirror.com/@vue/shared/download/@vue/shared-3.2.26.tgz"
  "version" "3.2.26"

"@vuepress/client@2.0.0-beta.33":
  "integrity" "sha512-uTCJ1oA+qHWPNqVt4lz2zdrSVBMN+gZ3zND2Lf2zwUCf1SOjsz3FHICESKWx9CX58BxnEiqdU3ic2NoeGhCSOw=="
  "resolved" "https://registry.npmmirror.com/@vuepress/client/download/@vuepress/client-2.0.0-beta.33.tgz"
  "version" "2.0.0-beta.33"
  dependencies:
    "@vuepress/shared" "2.0.0-beta.33"
    "vue" "^3.2.26"
    "vue-router" "^4.0.12"

"@vuepress/core@2.0.0-beta.33":
  "integrity" "sha512-ZOZ6Vc8lmA+qSof3l8By7ogu1qdGdI3OweZHzbP7FkGC1Dd0gL5aCqmkZQqdhBCOv/iPo5jmDaXpI1Vvoj4VUg=="
  "resolved" "https://registry.npmmirror.com/@vuepress/core/download/@vuepress/core-2.0.0-beta.33.tgz"
  "version" "2.0.0-beta.33"
  dependencies:
    "@vuepress/client" "2.0.0-beta.33"
    "@vuepress/markdown" "2.0.0-beta.33"
    "@vuepress/shared" "2.0.0-beta.33"
    "@vuepress/utils" "2.0.0-beta.33"
    "gray-matter" "^4.0.3"
    "toml" "^3.0.0"

"@vuepress/markdown@2.0.0-beta.33":
  "integrity" "sha512-/xgnH+7C1rnHL4RBQHDc1IpMryoj2ML6isxfYXlXmzFMR4d28YP63iTVytElMXB7RM1rIiz+a4zDnL1mcaXAmg=="
  "resolved" "https://registry.npmmirror.com/@vuepress/markdown/download/@vuepress/markdown-2.0.0-beta.33.tgz"
  "version" "2.0.0-beta.33"
  dependencies:
    "@types/markdown-it" "^12.2.3"
    "@vuepress/shared" "2.0.0-beta.33"
    "@vuepress/utils" "2.0.0-beta.33"
    "markdown-it" "^12.3.2"
    "markdown-it-anchor" "^8.4.1"
    "markdown-it-emoji" "^2.0.0"
    "mdurl" "^1.0.1"

"@vuepress/plugin-medium-zoom@^2.0.0-beta.33":
  "integrity" "sha512-TO2X/Aj0V2Rfq3hM6Xou4Ymo4tZL9/qrGuBn1CkSLyd68Jttjv+bfJZqLnyPH8rMfmOBn+0+Cv3m4VDPTNa/xA=="
  "resolved" "https://registry.npmmirror.com/@vuepress/plugin-medium-zoom/download/@vuepress/plugin-medium-zoom-2.0.0-beta.33.tgz"
  "version" "2.0.0-beta.33"
  dependencies:
    "@vuepress/client" "2.0.0-beta.33"
    "@vuepress/core" "2.0.0-beta.33"
    "@vuepress/utils" "2.0.0-beta.33"
    "medium-zoom" "^1.0.6"
    "vue" "^3.2.26"

"@vuepress/shared@2.0.0-beta.33":
  "integrity" "sha512-9xCLpqYV5nBy8U/HlDXtBdMuC+DvQearJyHSvnBS7vBBlTMP89cWe4s4M4meNW0OZ5vltaaeMOL2oMIwCMjVrA=="
  "resolved" "https://registry.npmmirror.com/@vuepress/shared/download/@vuepress/shared-2.0.0-beta.33.tgz"
  "version" "2.0.0-beta.33"
  dependencies:
    "@vue/shared" "^3.2.26"

"@vuepress/utils@2.0.0-beta.33":
  "integrity" "sha512-as1LEvIR6cLjsrcvPTqxhKb6peWKZ+AsBTC0ksnpemM+SSlOr5pBU3rDQEfhXzEvEKrTR4HHevDRndBc5P0LRw=="
  "resolved" "https://registry.npmmirror.com/@vuepress/utils/download/@vuepress/utils-2.0.0-beta.33.tgz"
  "version" "2.0.0-beta.33"
  dependencies:
    "@types/debug" "^4.1.7"
    "@types/fs-extra" "^9.0.13"
    "@types/hash-sum" "^1.0.0"
    "@vuepress/shared" "2.0.0-beta.33"
    "chalk" "^4.1.2"
    "debug" "^4.3.3"
    "fs-extra" "^10.0.0"
    "globby" "^11.0.4"
    "hash-sum" "^2.0.0"
    "ora" "^5.4.1"
    "upath" "^2.0.1"

"ansi-regex@^5.0.1":
  "integrity" "sha1-CCyyyJyf6GWaMRpTvWpNxTAdswQ="
  "resolved" "https://registry.nlark.com/ansi-regex/download/ansi-regex-5.0.1.tgz?cache=0&sync_timestamp=1631634988487&other_urls=https%3A%2F%2Fregistry.nlark.com%2Fansi-regex%2Fdownload%2Fansi-regex-5.0.1.tgz"
  "version" "5.0.1"

"ansi-styles@^4.1.0":
  "integrity" "sha512-zbB9rCJAT1rbjiVDb2hqKFHNYLxgtk8NURxZ3IZwD3F6NtxbXZQCnnSi1Lkx+IDohdPlFp222wVALIheZJQSEg=="
  "resolved" "https://registry.npmmirror.com/ansi-styles/download/ansi-styles-4.3.0.tgz"
  "version" "4.3.0"
  dependencies:
    "color-convert" "^2.0.1"

"argparse@^1.0.7":
  "integrity" "sha1-vNZ5HqWuCXJeF+WtmIE0zUCz2RE="
  "resolved" "https://registry.npm.taobao.org/argparse/download/argparse-1.0.10.tgz"
  "version" "1.0.10"
  dependencies:
    "sprintf-js" "~1.0.2"

"argparse@^2.0.1":
  "integrity" "sha1-JG9Q88p4oyQPbJl+ipvR6sSeSzg="
  "resolved" "https://registry.npm.taobao.org/argparse/download/argparse-2.0.1.tgz"
  "version" "2.0.1"

"array-union@^2.1.0":
  "integrity" "sha1-t5hCCtvrHego2ErNii4j0+/oXo0="
  "resolved" "https://registry.nlark.com/array-union/download/array-union-2.1.0.tgz"
  "version" "2.1.0"

"base64-js@^1.3.1":
  "integrity" "sha1-GxtEAWClv3rUC2UPCVljSBkDkwo="
  "resolved" "https://registry.npm.taobao.org/base64-js/download/base64-js-1.5.1.tgz?cache=0&sync_timestamp=1605123440207&other_urls=https%3A%2F%2Fregistry.npm.taobao.org%2Fbase64-js%2Fdownload%2Fbase64-js-1.5.1.tgz"
  "version" "1.5.1"

"bl@^4.1.0":
  "integrity" "sha1-RRU1JkGCvsL7vIOmKrmM8R2fezo="
  "resolved" "https://registry.npm.taobao.org/bl/download/bl-4.1.0.tgz?cache=0&sync_timestamp=1617381897308&other_urls=https%3A%2F%2Fregistry.npm.taobao.org%2Fbl%2Fdownload%2Fbl-4.1.0.tgz"
  "version" "4.1.0"
  dependencies:
    "buffer" "^5.5.0"
    "inherits" "^2.0.4"
    "readable-stream" "^3.4.0"

"braces@^3.0.1":
  "integrity" "sha1-NFThpGLujVmeI23zNs2epPiv4Qc="
  "resolved" "https://registry.npm.taobao.org/braces/download/braces-3.0.2.tgz"
  "version" "3.0.2"
  dependencies:
    "fill-range" "^7.0.1"

"buffer@^5.5.0":
  "integrity" "sha512-EHcyIPBQ4BSGlvjB16k5KgAJ27CIsHY/2JBmCRReo48y9rQ3MaUzWX3KVlBa4U7MyX02HdVj0K7C3WaB3ju7FQ=="
  "resolved" "https://registry.npmmirror.com/buffer/download/buffer-5.7.1.tgz"
  "version" "5.7.1"
  dependencies:
    "base64-js" "^1.3.1"
    "ieee754" "^1.1.13"

"chalk@^4.1.0", "chalk@^4.1.2":
  "integrity" "sha1-qsTit3NKdAhnrrFr8CqtVWoeegE="
  "resolved" "https://registry.npmmirror.com/chalk/download/chalk-4.1.2.tgz"
  "version" "4.1.2"
  dependencies:
    "ansi-styles" "^4.1.0"
    "supports-color" "^7.1.0"

"cli-cursor@^3.1.0":
  "integrity" "sha1-JkMFp65JDR0Dvwybp8kl0XU68wc="
  "resolved" "https://registry.nlark.com/cli-cursor/download/cli-cursor-3.1.0.tgz?cache=0&sync_timestamp=1629747366550&other_urls=https%3A%2F%2Fregistry.nlark.com%2Fcli-cursor%2Fdownload%2Fcli-cursor-3.1.0.tgz"
  "version" "3.1.0"
  dependencies:
    "restore-cursor" "^3.1.0"

"cli-spinners@^2.5.0":
  "integrity" "sha1-rclU6+KBw3pjGb+kAebdJIj/tw0="
  "resolved" "https://registry.npmmirror.com/cli-spinners/download/cli-spinners-2.6.1.tgz?cache=0&sync_timestamp=1633109609172&other_urls=https%3A%2F%2Fregistry.npmmirror.com%2Fcli-spinners%2Fdownload%2Fcli-spinners-2.6.1.tgz"
  "version" "2.6.1"

"clone@^1.0.2":
  "integrity" "sha1-2jCcwmPfFZlMaIypAheco8fNfH4="
  "resolved" "https://registry.npm.taobao.org/clone/download/clone-1.0.4.tgz?cache=0&sync_timestamp=1589682821772&other_urls=https%3A%2F%2Fregistry.npm.taobao.org%2Fclone%2Fdownload%2Fclone-1.0.4.tgz"
  "version" "1.0.4"

"color-convert@^2.0.1":
  "integrity" "sha1-ctOmjVmMm9s68q0ehPIdiWq9TeM="
  "resolved" "https://registry.npmmirror.com/color-convert/download/color-convert-2.0.1.tgz"
  "version" "2.0.1"
  dependencies:
    "color-name" "~1.1.4"

"color-name@~1.1.4":
  "integrity" "sha1-wqCah6y95pVD3m9j+jmVyCbFNqI="
  "resolved" "https://registry.npm.taobao.org/color-name/download/color-name-1.1.4.tgz"
  "version" "1.1.4"

"csstype@^2.6.8":
  "integrity" "sha512-ZVxXaNy28/k3kJg0Fou5MiYpp88j7H9hLZp8PDC3jV0WFjfH5E9xHb56L0W59cPbKbcHXeP4qyT8PrHp8t6LcQ=="
  "resolved" "https://registry.npmmirror.com/csstype/download/csstype-2.6.19.tgz?cache=0&sync_timestamp=1637224514674&other_urls=https%3A%2F%2Fregistry.npmmirror.com%2Fcsstype%2Fdownload%2Fcsstype-2.6.19.tgz"
  "version" "2.6.19"

"debug@^4.3.3":
  "integrity" "sha512-/zxw5+vh1Tfv+4Qn7a5nsbcJKPaSvCDhojn6FEl9vupwK2VCSDtEiEtqr8DFtzYFOdz63LBkxec7DYuc2jon6Q=="
  "resolved" "https://registry.npmmirror.com/debug/download/debug-4.3.3.tgz"
  "version" "4.3.3"
  dependencies:
    "ms" "2.1.2"

"defaults@^1.0.3":
  "integrity" "sha1-xlYFHpgX2f8I7YgUd/P+QBnz730="
  "resolved" "https://registry.npm.taobao.org/defaults/download/defaults-1.0.3.tgz?cache=0&sync_timestamp=1589682715225&other_urls=https%3A%2F%2Fregistry.npm.taobao.org%2Fdefaults%2Fdownload%2Fdefaults-1.0.3.tgz"
  "version" "1.0.3"
  dependencies:
    "clone" "^1.0.2"

"dir-glob@^3.0.1":
  "integrity" "sha1-Vtv3PZkqSpO6FYT0U0Bj/S5BcX8="
  "resolved" "https://registry.npm.taobao.org/dir-glob/download/dir-glob-3.0.1.tgz"
  "version" "3.0.1"
  dependencies:
    "path-type" "^4.0.0"

"entities@~2.1.0":
  "integrity" "sha1-mS0xKc999ocLlsV4WMJJoSD4uLU="
  "resolved" "https://registry.nlark.com/entities/download/entities-2.1.0.tgz?cache=0&sync_timestamp=1628508126700&other_urls=https%3A%2F%2Fregistry.nlark.com%2Fentities%2Fdownload%2Fentities-2.1.0.tgz"
  "version" "2.1.0"

"esprima@^4.0.0":
  "integrity" "sha1-E7BM2z5sXRnfkatph6hpVhmwqnE="
  "resolved" "https://registry.nlark.com/esprima/download/esprima-4.0.1.tgz"
  "version" "4.0.1"

"estree-walker@^2.0.2":
  "integrity" "sha1-UvAQF4wqTBF6d1fP6UKtt9LaTKw="
  "resolved" "https://registry.npmmirror.com/estree-walker/download/estree-walker-2.0.2.tgz"
  "version" "2.0.2"

"extend-shallow@^2.0.1":
  "integrity" "sha1-Ua99YUrZqfYQ6huvu5idaxxWiQ8="
  "resolved" "https://registry.npm.taobao.org/extend-shallow/download/extend-shallow-2.0.1.tgz"
  "version" "2.0.1"
  dependencies:
    "is-extendable" "^0.1.0"

"fast-glob@^3.2.9":
  "integrity" "sha512-s9nFhFnvR63wls6/kM88kQqDhMu0AfdjqouE2l5GVQPbqLgyFjjU5ry/r2yKsJxpb9Py1EYNqieFrmMaX4v++A=="
  "resolved" "https://registry.npmmirror.com/fast-glob/download/fast-glob-3.2.10.tgz"
  "version" "3.2.10"
  dependencies:
    "@nodelib/fs.stat" "^2.0.2"
    "@nodelib/fs.walk" "^1.2.3"
    "glob-parent" "^5.1.2"
    "merge2" "^1.3.0"
    "micromatch" "^4.0.4"

"fastq@^1.6.0":
  "integrity" "sha1-YWdg+Ip1Jr38WWt8q4wYk4w2uYw="
  "resolved" "https://registry.nlark.com/fastq/download/fastq-1.13.0.tgz"
  "version" "1.13.0"
  dependencies:
    "reusify" "^1.0.4"

"fill-range@^7.0.1":
  "integrity" "sha1-GRmmp8df44ssfHflGYU12prN2kA="
  "resolved" "https://registry.npm.taobao.org/fill-range/download/fill-range-7.0.1.tgz"
  "version" "7.0.1"
  dependencies:
    "to-regex-range" "^5.0.1"

"fs-extra@^10.0.0":
  "integrity" "sha1-n/YbZV3eU/s0qC34S7IUzoAuF8E="
  "resolved" "https://registry.nlark.com/fs-extra/download/fs-extra-10.0.0.tgz?cache=0&sync_timestamp=1622604476909&other_urls=https%3A%2F%2Fregistry.nlark.com%2Ffs-extra%2Fdownload%2Ffs-extra-10.0.0.tgz"
  "version" "10.0.0"
  dependencies:
    "graceful-fs" "^4.2.0"
    "jsonfile" "^6.0.1"
    "universalify" "^2.0.0"

"glob-parent@^5.1.2":
  "integrity" "sha1-hpgyxYA0/mikCTwX3BXoNA2EAcQ="
  "resolved" "https://registry.npmmirror.com/glob-parent/download/glob-parent-5.1.2.tgz"
  "version" "5.1.2"
  dependencies:
    "is-glob" "^4.0.1"

"globby@^11.0.4":
  "integrity" "sha512-jhIXaOzy1sb8IyocaruWSn1TjmnBVs8Ayhcy83rmxNJ8q2uWKCAj3CnJY+KpGSXCueAPc0i05kVvVKtP1t9S3g=="
  "resolved" "https://registry.npmmirror.com/globby/download/globby-11.1.0.tgz"
  "version" "11.1.0"
  dependencies:
    "array-union" "^2.1.0"
    "dir-glob" "^3.0.1"
    "fast-glob" "^3.2.9"
    "ignore" "^5.2.0"
    "merge2" "^1.4.1"
    "slash" "^3.0.0"

"graceful-fs@^4.1.6", "graceful-fs@^4.2.0":
  "integrity" "sha512-NtNxqUcXgpW2iMrfqSfR73Glt39K+BLwWsPs94yR63v45T0Wbej7eRmL5cWfwEgqXnmjQp3zaJTshdRW/qC2ZQ=="
  "resolved" "https://registry.npmmirror.com/graceful-fs/download/graceful-fs-4.2.9.tgz"
  "version" "4.2.9"

"gray-matter@^4.0.3":
  "integrity" "sha1-6JPAZIJd5z6h9ffYjHqfcnQoh5g="
  "resolved" "https://registry.nlark.com/gray-matter/download/gray-matter-4.0.3.tgz"
  "version" "4.0.3"
  dependencies:
    "js-yaml" "^3.13.1"
    "kind-of" "^6.0.2"
    "section-matter" "^1.0.0"
    "strip-bom-string" "^1.0.0"

"has-flag@^4.0.0":
  "integrity" "sha1-lEdx/ZyByBJlxNaUGGDaBrtZR5s="
  "resolved" "https://registry.nlark.com/has-flag/download/has-flag-4.0.0.tgz"
  "version" "4.0.0"

"hash-sum@^2.0.0":
  "integrity" "sha1-gdAbtd6OpKIUrV1urRtSNGCwtFo="
  "resolved" "https://registry.npm.taobao.org/hash-sum/download/hash-sum-2.0.0.tgz"
  "version" "2.0.0"

"ieee754@^1.1.13":
  "integrity" "sha1-jrehCmP/8l0VpXsAFYbRd9Gw01I="
  "resolved" "https://registry.npm.taobao.org/ieee754/download/ieee754-1.2.1.tgz?cache=0&sync_timestamp=1603838208740&other_urls=https%3A%2F%2Fregistry.npm.taobao.org%2Fieee754%2Fdownload%2Fieee754-1.2.1.tgz"
  "version" "1.2.1"

"ignore@^5.2.0":
  "integrity" "sha512-CmxgYGiEPCLhfLnpPp1MoRmifwEIOgjcHXxOBjv7mY96c+eWScsOP9c112ZyLdWHi0FxHjI+4uVhKYp/gcdRmQ=="
  "resolved" "https://registry.npmmirror.com/ignore/download/ignore-5.2.0.tgz"
  "version" "5.2.0"

"inherits@^2.0.3", "inherits@^2.0.4":
  "integrity" "sha1-D6LGT5MpF8NDOg3tVTY6rjdBa3w="
  "resolved" "https://registry.npm.taobao.org/inherits/download/inherits-2.0.4.tgz"
  "version" "2.0.4"

"is-extendable@^0.1.0":
  "integrity" "sha1-YrEQ4omkcUGOPsNqYX1HLjAd/Ik="
  "resolved" "https://registry.nlark.com/is-extendable/download/is-extendable-0.1.1.tgz"
  "version" "0.1.1"

"is-extglob@^2.1.1":
  "integrity" "sha1-qIwCU1eR8C7TfHahueqXc8gz+MI="
  "resolved" "https://registry.npm.taobao.org/is-extglob/download/is-extglob-2.1.1.tgz"
  "version" "2.1.1"

"is-glob@^4.0.1":
  "integrity" "sha1-ZPYeQsu7LuwgcanawLKLoeZdUIQ="
  "resolved" "https://registry.npmmirror.com/is-glob/download/is-glob-4.0.3.tgz"
  "version" "4.0.3"
  dependencies:
    "is-extglob" "^2.1.1"

"is-interactive@^1.0.0":
  "integrity" "sha1-zqbmrlyHCnsKAAQHC3tYfgJSkS4="
  "resolved" "https://registry.nlark.com/is-interactive/download/is-interactive-1.0.0.tgz"
  "version" "1.0.0"

"is-number@^7.0.0":
  "integrity" "sha1-dTU0W4lnNNX4DE0GxQlVUnoU8Ss="
  "resolved" "https://registry.npm.taobao.org/is-number/download/is-number-7.0.0.tgz"
  "version" "7.0.0"

"is-unicode-supported@^0.1.0":
  "integrity" "sha1-PybHaoCVk7Ur+i7LVxDtJ3m1Iqc="
  "resolved" "https://registry.nlark.com/is-unicode-supported/download/is-unicode-supported-0.1.0.tgz?cache=0&sync_timestamp=1625294161966&other_urls=https%3A%2F%2Fregistry.nlark.com%2Fis-unicode-supported%2Fdownload%2Fis-unicode-supported-0.1.0.tgz"
  "version" "0.1.0"

"js-yaml@^3.13.1":
  "integrity" "sha512-okMH7OXXJ7YrN9Ok3/SXrnu4iX9yOk+25nqX4imS2npuvTYDmo/QEZoqwZkYaIDk3jVvBOTOIEgEhaLOynBS9g=="
  "resolved" "https://registry.npmmirror.com/js-yaml/download/js-yaml-3.14.1.tgz"
  "version" "3.14.1"
  dependencies:
    "argparse" "^1.0.7"
    "esprima" "^4.0.0"

"jsonfile@^6.0.1":
  "integrity" "sha1-vFWyY0eTxnnsZAMJTrE2mKbsCq4="
  "resolved" "https://registry.nlark.com/jsonfile/download/jsonfile-6.1.0.tgz"
  "version" "6.1.0"
  dependencies:
    "universalify" "^2.0.0"
  optionalDependencies:
    "graceful-fs" "^4.1.6"

"kind-of@^6.0.0", "kind-of@^6.0.2":
  "integrity" "sha1-B8BQNKbDSfoG4k+jWqdttFgM5N0="
  "resolved" "https://registry.npm.taobao.org/kind-of/download/kind-of-6.0.3.tgz"
  "version" "6.0.3"

"linkify-it@^3.0.1":
  "integrity" "sha1-qYuvRM5FpVDvtNScdp0HUkzC+i4="
  "resolved" "https://registry.npmmirror.com/linkify-it/download/linkify-it-3.0.3.tgz?cache=0&sync_timestamp=1633116216426&other_urls=https%3A%2F%2Fregistry.npmmirror.com%2Flinkify-it%2Fdownload%2Flinkify-it-3.0.3.tgz"
  "version" "3.0.3"
  dependencies:
    "uc.micro" "^1.0.1"

"log-symbols@^4.1.0":
  "integrity" "sha1-P727lbRoOsn8eFER55LlWNSr1QM="
  "resolved" "https://registry.npmmirror.com/log-symbols/download/log-symbols-4.1.0.tgz"
  "version" "4.1.0"
  dependencies:
    "chalk" "^4.1.0"
    "is-unicode-supported" "^0.1.0"

"magic-string@^0.25.7":
  "integrity" "sha1-P0l9b9NMZpxnmNy4IfLvMfVEUFE="
  "resolved" "https://registry.npm.taobao.org/magic-string/download/magic-string-0.25.7.tgz"
  "version" "0.25.7"
  dependencies:
    "sourcemap-codec" "^1.4.4"

"markdown-it-anchor@^8.4.1":
  "integrity" "sha1-KeVgWT9e24CyX9q4sj+T74qRsx4="
  "resolved" "https://registry.npmmirror.com/markdown-it-anchor/download/markdown-it-anchor-8.4.1.tgz"
  "version" "8.4.1"

"markdown-it-emoji@^2.0.0":
  "integrity" "sha1-MWStTACe/ZRumCdPdWKtYRCJojE="
  "resolved" "https://registry.npm.taobao.org/markdown-it-emoji/download/markdown-it-emoji-2.0.0.tgz"
  "version" "2.0.0"

"markdown-it@*", "markdown-it@^12.3.2":
  "integrity" "sha512-TchMembfxfNVpHkbtriWltGWc+m3xszaRD0CZup7GFFhzIgQqxIfn3eGj1yZpfuflzPvfkt611B2Q/Bsk1YnGg=="
  "resolved" "https://registry.npmmirror.com/markdown-it/download/markdown-it-12.3.2.tgz"
  "version" "12.3.2"
  dependencies:
    "argparse" "^2.0.1"
    "entities" "~2.1.0"
    "linkify-it" "^3.0.1"
    "mdurl" "^1.0.1"
    "uc.micro" "^1.0.5"

"mdurl@^1.0.1":
  "integrity" "sha1-/oWy7HWlkDfyrf7BAP1sYBdhFS4="
  "resolved" "https://registry.npm.taobao.org/mdurl/download/mdurl-1.0.1.tgz"
  "version" "1.0.1"

"medium-zoom@^1.0.4", "medium-zoom@^1.0.6":
  "integrity" "sha1-kkfyHKkxPYu+lCCsoVOkEN8I0Cc="
  "resolved" "https://registry.nlark.com/medium-zoom/download/medium-zoom-1.0.6.tgz"
  "version" "1.0.6"

"merge2@^1.3.0", "merge2@^1.4.1":
  "integrity" "sha1-Q2iJL4hekHRVpv19xVwMnUBJkK4="
  "resolved" "https://registry.npm.taobao.org/merge2/download/merge2-1.4.1.tgz"
  "version" "1.4.1"

"micromatch@^4.0.4":
  "integrity" "sha1-iW1Rnf6dsl/OlM63pQCRm/iB6/k="
  "resolved" "https://registry.npm.taobao.org/micromatch/download/micromatch-4.0.4.tgz?cache=0&sync_timestamp=1618054740956&other_urls=https%3A%2F%2Fregistry.npm.taobao.org%2Fmicromatch%2Fdownload%2Fmicromatch-4.0.4.tgz"
  "version" "4.0.4"
  dependencies:
    "braces" "^3.0.1"
    "picomatch" "^2.2.3"

"mimic-fn@^2.1.0":
  "integrity" "sha1-ftLCzMyvhNP/y3pptXcR/CCDQBs="
  "resolved" "https://registry.nlark.com/mimic-fn/download/mimic-fn-2.1.0.tgz"
  "version" "2.1.0"

"ms@2.1.2":
  "integrity" "sha1-0J0fNXtEP0kzgqjrPM0YOHKuYAk="
  "resolved" "https://registry.npmmirror.com/ms/download/ms-2.1.2.tgz"
  "version" "2.1.2"

"nanoid@^3.1.30":
  "integrity" "sha512-F8mf7R3iT9bvThBoW4tGXhXFHCctyCiUUPrWF8WaTqa3h96d9QybkSeba43XVOOE3oiLfkVDe4bT8MeGmkrTxw=="
  "resolved" "https://registry.npmmirror.com/nanoid/download/nanoid-3.1.32.tgz"
  "version" "3.1.32"

"onetime@^5.1.0":
  "integrity" "sha1-0Oluu1awdHbfHdnEgG5SN5hcpF4="
  "resolved" "https://registry.npm.taobao.org/onetime/download/onetime-5.1.2.tgz"
  "version" "5.1.2"
  dependencies:
    "mimic-fn" "^2.1.0"

"ora@^5.4.1":
  "integrity" "sha1-GyZ4Qmr0rEpQkAjl5KyemVnbnhg="
  "resolved" "https://registry.nlark.com/ora/download/ora-5.4.1.tgz?cache=0&sync_timestamp=1631556513877&other_urls=https%3A%2F%2Fregistry.nlark.com%2Fora%2Fdownload%2Fora-5.4.1.tgz"
  "version" "5.4.1"
  dependencies:
    "bl" "^4.1.0"
    "chalk" "^4.1.0"
    "cli-cursor" "^3.1.0"
    "cli-spinners" "^2.5.0"
    "is-interactive" "^1.0.0"
    "is-unicode-supported" "^0.1.0"
    "log-symbols" "^4.1.0"
    "strip-ansi" "^6.0.0"
    "wcwidth" "^1.0.1"

"path-type@^4.0.0":
  "integrity" "sha1-hO0BwKe6OAr+CdkKjBgNzZ0DBDs="
  "resolved" "https://registry.nlark.com/path-type/download/path-type-4.0.0.tgz"
  "version" "4.0.0"

"picocolors@^1.0.0":
  "integrity" "sha1-y1vcdP8/UYkiNur3nWi8RFZKuBw="
  "resolved" "https://registry.npmmirror.com/picocolors/download/picocolors-1.0.0.tgz?cache=0&sync_timestamp=1634093442271&other_urls=https%3A%2F%2Fregistry.npmmirror.com%2Fpicocolors%2Fdownload%2Fpicocolors-1.0.0.tgz"
  "version" "1.0.0"

"picomatch@^2.2.3":
  "integrity" "sha512-JU3teHTNjmE2VCGFzuY8EXzCDVwEqB2a8fsIvwaStHhAWJEeVd1o1QD80CU6+ZdEXXSLbSsuLwJjkCBWqRQUVA=="
  "resolved" "https://registry.npmmirror.com/picomatch/download/picomatch-2.3.1.tgz"
  "version" "2.3.1"

"postcss@^8.1.10":
  "integrity" "sha512-jBDboWM8qpaqwkMwItqTQTiFikhs/67OYVvblFFTM7MrZjt6yMKd6r2kgXizEbTTljacm4NldIlZnhbjr84QYg=="
  "resolved" "https://registry.npmmirror.com/postcss/download/postcss-8.4.5.tgz"
  "version" "8.4.5"
  dependencies:
    "nanoid" "^3.1.30"
    "picocolors" "^1.0.0"
    "source-map-js" "^1.0.1"

"queue-microtask@^1.2.2":
  "integrity" "sha1-SSkii7xyTfrEPg77BYyve2z7YkM="
  "resolved" "https://registry.npm.taobao.org/queue-microtask/download/queue-microtask-1.2.3.tgz?cache=0&sync_timestamp=1616391641179&other_urls=https%3A%2F%2Fregistry.npm.taobao.org%2Fqueue-microtask%2Fdownload%2Fqueue-microtask-1.2.3.tgz"
  "version" "1.2.3"

"readable-stream@^3.4.0":
  "integrity" "sha1-M3u9o63AcGvT4CRCaihtS0sskZg="
  "resolved" "https://registry.npm.taobao.org/readable-stream/download/readable-stream-3.6.0.tgz"
  "version" "3.6.0"
  dependencies:
    "inherits" "^2.0.3"
    "string_decoder" "^1.1.1"
    "util-deprecate" "^1.0.1"

"restore-cursor@^3.1.0":
  "integrity" "sha1-OfZ8VLOnpYzqUjbZXPADQjljH34="
  "resolved" "https://registry.nlark.com/restore-cursor/download/restore-cursor-3.1.0.tgz"
  "version" "3.1.0"
  dependencies:
    "onetime" "^5.1.0"
    "signal-exit" "^3.0.2"

"reusify@^1.0.4":
  "integrity" "sha1-kNo4Kx4SbvwCFG6QhFqI2xKSXXY="
  "resolved" "https://registry.npm.taobao.org/reusify/download/reusify-1.0.4.tgz"
  "version" "1.0.4"

"run-parallel@^1.1.9":
  "integrity" "sha1-ZtE2jae9+SHrnZW9GpIp5/IaQ+4="
  "resolved" "https://registry.npm.taobao.org/run-parallel/download/run-parallel-1.2.0.tgz?cache=0&sync_timestamp=1612925943325&other_urls=https%3A%2F%2Fregistry.npm.taobao.org%2Frun-parallel%2Fdownload%2Frun-parallel-1.2.0.tgz"
  "version" "1.2.0"
  dependencies:
    "queue-microtask" "^1.2.2"

"safe-buffer@~5.2.0":
  "integrity" "sha1-Hq+fqb2x/dTsdfWPnNtOa3gn7sY="
  "resolved" "https://registry.nlark.com/safe-buffer/download/safe-buffer-5.2.1.tgz"
  "version" "5.2.1"

"section-matter@^1.0.0":
  "integrity" "sha1-6QQZU1BngOwB1Z8pKhnHuFC4QWc="
  "resolved" "https://registry.npm.taobao.org/section-matter/download/section-matter-1.0.0.tgz"
  "version" "1.0.0"
  dependencies:
    "extend-shallow" "^2.0.1"
    "kind-of" "^6.0.0"

"signal-exit@^3.0.2":
  "integrity" "sha512-sDl4qMFpijcGw22U5w63KmD3cZJfBuFlVNbVMKje2keoKML7X2UzWbc4XrmEbDwg0NXJc3yv4/ox7b+JWb57kQ=="
  "resolved" "https://registry.npmmirror.com/signal-exit/download/signal-exit-3.0.6.tgz"
  "version" "3.0.6"

"slash@^3.0.0":
  "integrity" "sha1-ZTm+hwwWWtvVJAIg2+Nh8bxNRjQ="
  "resolved" "https://registry.nlark.com/slash/download/slash-3.0.0.tgz"
  "version" "3.0.0"

"source-map-js@^1.0.1":
  "integrity" "sha512-4+TN2b3tqOCd/kaGRJ/sTYA0tR0mdXx26ipdolxcwtJVqEnqNYvlCAt1q3ypy4QMlYus+Zh34RNtYLoq2oQ4IA=="
  "resolved" "https://registry.npmmirror.com/source-map-js/download/source-map-js-1.0.1.tgz"
  "version" "1.0.1"

"source-map@^0.6.1":
  "integrity" "sha1-dHIq8y6WFOnCh6jQu95IteLxomM="
  "resolved" "https://registry.npm.taobao.org/source-map/download/source-map-0.6.1.tgz"
  "version" "0.6.1"

"sourcemap-codec@^1.4.4":
  "integrity" "sha1-6oBL2UhXQC5pktBaOO8a41qatMQ="
  "resolved" "https://registry.npm.taobao.org/sourcemap-codec/download/sourcemap-codec-1.4.8.tgz"
  "version" "1.4.8"

"sprintf-js@~1.0.2":
  "integrity" "sha1-BOaSb2YolTVPPdAVIDYzuFcpfiw="
  "resolved" "https://registry.npm.taobao.org/sprintf-js/download/sprintf-js-1.0.3.tgz"
  "version" "1.0.3"

"string_decoder@^1.1.1":
  "integrity" "sha1-QvEUWUpGzxqOMLCoT1bHjD7awh4="
  "resolved" "https://registry.npm.taobao.org/string_decoder/download/string_decoder-1.3.0.tgz"
  "version" "1.3.0"
  dependencies:
    "safe-buffer" "~5.2.0"

"strip-ansi@^6.0.0":
  "integrity" "sha1-nibGPTD1NEPpSJSVshBdN7Z6hdk="
  "resolved" "https://registry.npmmirror.com/strip-ansi/download/strip-ansi-6.0.1.tgz"
  "version" "6.0.1"
  dependencies:
    "ansi-regex" "^5.0.1"

"strip-bom-string@^1.0.0":
  "integrity" "sha1-5SEekiQ2n7uB1jOi8ABE3IztrZI="
  "resolved" "https://registry.npm.taobao.org/strip-bom-string/download/strip-bom-string-1.0.0.tgz"
  "version" "1.0.0"

"supports-color@^7.1.0":
  "integrity" "sha1-G33NyzK4E4gBs+R4umpRyqiWSNo="
  "resolved" "https://registry.npmmirror.com/supports-color/download/supports-color-7.2.0.tgz"
  "version" "7.2.0"
  dependencies:
    "has-flag" "^4.0.0"

"to-regex-range@^5.0.1":
  "integrity" "sha1-FkjESq58jZiKMmAY7XL1tN0DkuQ="
  "resolved" "https://registry.npm.taobao.org/to-regex-range/download/to-regex-range-5.0.1.tgz"
  "version" "5.0.1"
  dependencies:
    "is-number" "^7.0.0"

"toml@^3.0.0":
  "integrity" "sha1-NCFg8a8ZBOydIE0DpdYSItdixe4="
  "resolved" "https://registry.npm.taobao.org/toml/download/toml-3.0.0.tgz"
  "version" "3.0.0"

"uc.micro@^1.0.1", "uc.micro@^1.0.5":
  "integrity" "sha1-nEEagCpAmpH8bPdAgbq6NLJEmaw="
  "resolved" "https://registry.npm.taobao.org/uc.micro/download/uc.micro-1.0.6.tgz"
  "version" "1.0.6"

"universalify@^2.0.0":
  "integrity" "sha1-daSYTv7cSwiXXFrrc/Uw0C3yVxc="
  "resolved" "https://registry.npm.taobao.org/universalify/download/universalify-2.0.0.tgz?cache=0&sync_timestamp=1603179967633&other_urls=https%3A%2F%2Fregistry.npm.taobao.org%2Funiversalify%2Fdownload%2Funiversalify-2.0.0.tgz"
  "version" "2.0.0"

"upath@^2.0.1":
  "integrity" "sha1-UMc96mjW9rmQ9R0nnOYIFmXWGos="
  "resolved" "https://registry.npm.taobao.org/upath/download/upath-2.0.1.tgz"
  "version" "2.0.1"

"util-deprecate@^1.0.1":
  "integrity" "sha1-RQ1Nyfpw3nMnYvvS1KKJgUGaDM8="
  "resolved" "https://registry.npm.taobao.org/util-deprecate/download/util-deprecate-1.0.2.tgz"
  "version" "1.0.2"

"vue-router@^4.0.12":
  "integrity" "sha512-CPXvfqe+mZLB1kBWssssTiWg4EQERyqJZes7USiqfW9B5N2x+nHlnsM1D3b5CaJ6qgCvMmYJnz+G0iWjNCvXrg=="
  "resolved" "https://registry.npmmirror.com/vue-router/download/vue-router-4.0.12.tgz"
  "version" "4.0.12"
  dependencies:
    "@vue/devtools-api" "^6.0.0-beta.18"

"vue@^3.0.0", "vue@^3.2.26", "vue@3.2.26":
  "integrity" "sha512-KD4lULmskL5cCsEkfhERVRIOEDrfEL9CwAsLYpzptOGjaGFNWo3BQ9g8MAb7RaIO71rmVOziZ/uEN/rHwcUIhg=="
  "resolved" "https://registry.npmmirror.com/vue/download/vue-3.2.26.tgz"
  "version" "3.2.26"
  dependencies:
    "@vue/compiler-dom" "3.2.26"
    "@vue/compiler-sfc" "3.2.26"
    "@vue/runtime-dom" "3.2.26"
    "@vue/server-renderer" "3.2.26"
    "@vue/shared" "3.2.26"

"vuepress-plugin-medium-zoom@^1.1.9":
  "integrity" "sha1-0Od8ylKi4cSkq5Tsw18zd/g0/ZI="
  "resolved" "https://registry.nlark.com/vuepress-plugin-medium-zoom/download/vuepress-plugin-medium-zoom-1.1.9.tgz"
  "version" "1.1.9"
  dependencies:
    "medium-zoom" "^1.0.4"

"wcwidth@^1.0.1":
  "integrity" "sha1-8LDc+RW8X/FSivrbLA4XtTLaL+g="
  "resolved" "https://registry.npm.taobao.org/wcwidth/download/wcwidth-1.0.1.tgz"
  "version" "1.0.1"
  dependencies:
    "defaults" "^1.0.3"
